
Microsoft Visual Studio Solution File, Format Version 12.00
# Visual Studio Version 16
VisualStudioVersion = 16.0.29326.143
MinimumVisualStudioVersion = 10.0.40219.1
Project("{FAE04EC0-301F-11D3-BF4B-00C04F79EFBC}") = "TableViewDelete.UWP", "TableViewDelete\TableViewDelete.UWP\TableViewDelete.UWP.csproj", "{F26EE3B1-5C09-4835-A0C3-CEA692B42DF4}"
EndProject
Project("{FAE04EC0-301F-11D3-BF4B-00C04F79EFBC}") = "TableViewDelete.Android", "TableViewDelete\TableViewDelete.Android\TableViewDelete.Android.csproj", "{81C2B7B0-7CB0-468D-9828-A443F6EB0B21}"
EndProject
Project("{FAE04EC0-301F-11D3-BF4B-00C04F79EFBC}") = "TableViewDelete.iOS", "TableViewDelete\TableViewDelete.iOS\TableViewDelete.iOS.csproj", "{5D3286D2-9185-4742-B2D1-A2A2E9D08F9B}"
EndProject
Project("{FAE04EC0-301F-11D3-BF4B-00C04F79EFBC}") = "TableViewDelete", "TableViewDelete\TableViewDelete\TableViewDelete.csproj", "{F0EFE401-A156-4877-A682-12A0538AA5B6}"
EndProject
Global
	GlobalSection(SolutionConfigurationPlatforms) = preSolution
		Debug|Any CPU = Debug|Any CPU
		Debug|ARM = Debug|ARM
		Debug|iPhone = Debug|iPhone
		Debug|iPhoneSimulator = Debug|iPhoneSimulator
		Debug|x64 = Debug|x64
		Debug|x86 = Debug|x86
		Release|Any CPU = Release|Any CPU
		Release|ARM = Release|ARM
		Release|iPhone = Release|iPhone
		Release|iPhoneSimulator = Release|iPhoneSimulator
		Release|x64 = Release|x64
		Release|x86 = Release|x86
	EndGlobalSection
	GlobalSection(ProjectConfigurationPlatforms) = postSolution
		{F26EE3B1-5C09-4835-A0C3-CEA692B42DF4}.Debug|Any CPU.ActiveCfg = Debug|x86
		{F26EE3B1-5C09-4835-A0C3-CEA692B42DF4}.Debug|Any CPU.Build.0 = Debug|x86
		{F26EE3B1-5C09-4835-A0C3-CEA692B42DF4}.Debug|Any CPU.Deploy.0 = Debug|x86
		{F26EE3B1-5C09-4835-A0C3-CEA692B42DF4}.Debug|ARM.ActiveCfg = Debug|ARM
		{F26EE3B1-5C09-4835-A0C3-CEA692B42DF4}.Debug|ARM.Build.0 = Debug|ARM
		{F26EE3B1-5C09-4835-A0C3-CEA692B42DF4}.Debug|ARM.Deploy.0 = Debug|ARM
		{F26EE3B1-5C09-4835-A0C3-CEA692B42DF4}.Debug|iPhone.ActiveCfg = Debug|x86
		{F26EE3B1-5C09-4835-A0C3-CEA692B42DF4}.Debug|iPhone.Build.0 = Debug|x86
		{F26EE3B1-5C09-4835-A0C3-CEA692B42DF4}.Debug|iPhone.Deploy.0 = Debug|x86
		{F26EE3B1-5C09-4835-A0C3-CEA692B42DF4}.Debug|iPhoneSimulator.ActiveCfg = Debug|x86
		{F26EE3B1-5C09-4835-A0C3-CEA692B42DF4}.Debug|iPhoneSimulator.Build.0 = Debug|x86
		{F26EE3B1-5C09-4835-A0C3-CEA692B42DF4}.Debug|iPhoneSimulator.Deploy.0 = Debug|x86
		{F26EE3B1-5C09-4835-A0C3-CEA692B42DF4}.Debug|x64.ActiveCfg = Debug|x64
		{F26EE3B1-5C09-4835-A0C3-CEA692B42DF4}.Debug|x64.Build.0 = Debug|x64
		{F26EE3B1-5C09-4835-A0C3-CEA692B42DF4}.Debug|x64.Deploy.0 = Debug|x64
		{F26EE3B1-5C09-4835-A0C3-CEA692B42DF4}.Debug|x86.ActiveCfg = Debug|x86
		{F26EE3B1-5C09-4835-A0C3-CEA692B42DF4}.Debug|x86.Build.0 = Debug|x86
		{F26EE3B1-5C09-4835-A0C3-CEA692B42DF4}.Debug|x86.Deploy.0 = Debug|x86
		{F26EE3B1-5C09-4835-A0C3-CEA692B42DF4}.Release|Any CPU.ActiveCfg = Release|x86
		{F26EE3B1-5C09-4835-A0C3-CEA692B42DF4}.Release|Any CPU.Build.0 = Release|x86
		{F26EE3B1-5C09-4835-A0C3-CEA692B42DF4}.Release|Any CPU.Deploy.0 = Release|x86
		{F26EE3B1-5C09-4835-A0C3-CEA692B42DF4}.Release|ARM.ActiveCfg = Release|ARM
		{F26EE3B1-5C09-4835-A0C3-CEA692B42DF4}.Release|ARM.Build.0 = Release|ARM
		{F26EE3B1-5C09-4835-A0C3-CEA692B42DF4}.Release|ARM.Deploy.0 = Release|ARM
		{F26EE3B1-5C09-4835-A0C3-CEA692B42DF4}.Release|iPhone.ActiveCfg = Release|x86
		{F26EE3B1-5C09-4835-A0C3-CEA692B42DF4}.Release|iPhone.Build.0 = Release|x86
		{F26EE3B1-5C09-4835-A0C3-CEA692B42DF4}.Release|iPhone.Deploy.0 = Release|x86
		{F26EE3B1-5C09-4835-A0C3-CEA692B42DF4}.Release|iPhoneSimulator.ActiveCfg = Release|x86
		{F26EE3B1-5C09-4835-A0C3-CEA692B42DF4}.Release|iPhoneSimulator.Build.0 = Release|x86
		{F26EE3B1-5C09-4835-A0C3-CEA692B42DF4}.Release|iPhoneSimulator.Deploy.0 = Release|x86
		{F26EE3B1-5C09-4835-A0C3-CEA692B42DF4}.Release|x64.ActiveCfg = Release|x64
		{F26EE3B1-5C09-4835-A0C3-CEA692B42DF4}.Release|x64.Build.0 = Release|x64
		{F26EE3B1-5C09-4835-A0C3-CEA692B42DF4}.Release|x64.Deploy.0 = Release|x64
		{F26EE3B1-5C09-4835-A0C3-CEA692B42DF4}.Release|x86.ActiveCfg = Release|x86
		{F26EE3B1-5C09-4835-A0C3-CEA692B42DF4}.Release|x86.Build.0 = Release|x86
		{F26EE3B1-5C09-4835-A0C3-CEA692B42DF4}.Release|x86.Deploy.0 = Release|x86
		{81C2B7B0-7CB0-468D-9828-A443F6EB0B21}.Debug|Any CPU.ActiveCfg = Debug|Any CPU
		{81C2B7B0-7CB0-468D-9828-A443F6EB0B21}.Debug|Any CPU.Build.0 = Debug|Any CPU
		{81C2B7B0-7CB0-468D-9828-A443F6EB0B21}.Debug|Any CPU.Deploy.0 = Debug|Any CPU
		{81C2B7B0-7CB0-468D-9828-A443F6EB0B21}.Debug|ARM.ActiveCfg = Debug|Any CPU
		{81C2B7B0-7CB0-468D-9828-A443F6EB0B21}.Debug|ARM.Build.0 = Debug|Any CPU
		{81C2B7B0-7CB0-468D-9828-A443F6EB0B21}.Debug|ARM.Deploy.0 = Debug|Any CPU
		{81C2B7B0-7CB0-468D-9828-A443F6EB0B21}.Debug|iPhone.ActiveCfg = Debug|Any CPU
		{81C2B7B0-7CB0-468D-9828-A443F6EB0B21}.Debug|iPhone.Build.0 = Debug|Any CPU
		{81C2B7B0-7CB0-468D-9828-A443F6EB0B21}.Debug|iPhone.Deploy.0 = Debug|Any CPU
		{81C2B7B0-7CB0-468D-9828-A443F6EB0B21}.Debug|iPhoneSimulator.ActiveCfg = Debug|Any CPU
		{81C2B7B0-7CB0-468D-9828-A443F6EB0B21}.Debug|iPhoneSimulator.Build.0 = Debug|Any CPU
		{81C2B7B0-7CB0-468D-9828-A443F6EB0B21}.Debug|iPhoneSimulator.Deploy.0 = Debug|Any CPU
		{81C2B7B0-7CB0-468D-9828-A443F6EB0B21}.Debug|x64.ActiveCfg = Debug|Any CPU
		{81C2B7B0-7CB0-468D-9828-A443F6EB0B21}.Debug|x64.Build.0 = Debug|Any CPU
		{81C2B7B0-7CB0-468D-9828-A443F6EB0B21}.Debug|x64.Deploy.0 = Debug|Any CPU
		{81C2B7B0-7CB0-468D-9828-A443F6EB0B21}.Debug|x86.ActiveCfg = Debug|Any CPU
		{81C2B7B0-7CB0-468D-9828-A443F6EB0B21}.Debug|x86.Build.0 = Debug|Any CPU
		{81C2B7B0-7CB0-468D-9828-A443F6EB0B21}.Debug|x86.Deploy.0 = Debug|Any CPU
		{81C2B7B0-7CB0-468D-9828-A443F6EB0B21}.Release|Any CPU.ActiveCfg = Release|Any CPU
		{81C2B7B0-7CB0-468D-9828-A443F6EB0B21}.Release|Any CPU.Build.0 = Release|Any CPU
		{81C2B7B0-7CB0-468D-9828-A443F6EB0B21}.Release|Any CPU.Deploy.0 = Release|Any CPU
		{81C2B7B0-7CB0-468D-9828-A443F6EB0B21}.Release|ARM.ActiveCfg = Release|Any CPU
		{81C2B7B0-7CB0-468D-9828-A443F6EB0B21}.Release|ARM.Build.0 = Release|Any CPU
		{81C2B7B0-7CB0-468D-9828-A443F6EB0B21}.Release|ARM.Deploy.0 = Release|Any CPU
		{81C2B7B0-7CB0-468D-9828-A443F6EB0B21}.Release|iPhone.ActiveCfg = Release|Any CPU
		{81C2B7B0-7CB0-468D-9828-A443F6EB0B21}.Release|iPhone.Build.0 = Release|Any CPU
		{81C2B7B0-7CB0-468D-9828-A443F6EB0B21}.Release|iPhone.Deploy.0 = Release|Any CPU
		{81C2B7B0-7CB0-468D-9828-A443F6EB0B21}.Release|iPhoneSimulator.ActiveCfg = Release|Any CPU
		{81C2B7B0-7CB0-468D-9828-A443F6EB0B21}.Release|iPhoneSimulator.Build.0 = Release|Any CPU
		{81C2B7B0-7CB0-468D-9828-A443F6EB0B21}.Release|iPhoneSimulator.Deploy.0 = Release|Any CPU
		{81C2B7B0-7CB0-468D-9828-A443F6EB0B21}.Release|x64.ActiveCfg = Release|Any CPU
		{81C2B7B0-7CB0-468D-9828-A443F6EB0B21}.Release|x64.Build.0 = Release|Any CPU
		{81C2B7B0-7CB0-468D-9828-A443F6EB0B21}.Release|x64.Deploy.0 = Release|Any CPU
		{81C2B7B0-7CB0-468D-9828-A443F6EB0B21}.Release|x86.ActiveCfg = Release|Any CPU
		{81C2B7B0-7CB0-468D-9828-A443F6EB0B21}.Release|x86.Build.0 = Release|Any CPU
		{81C2B7B0-7CB0-468D-9828-A443F6EB0B21}.Release|x86.Deploy.0 = Release|Any CPU
		{5D3286D2-9185-4742-B2D1-A2A2E9D08F9B}.Debug|Any CPU.ActiveCfg = Debug|iPhone
		{5D3286D2-9185-4742-B2D1-A2A2E9D08F9B}.Debug|Any CPU.Build.0 = Debug|iPhone
		{5D3286D2-9185-4742-B2D1-A2A2E9D08F9B}.Debug|Any CPU.Deploy.0 = Debug|iPhone
		{5D3286D2-9185-4742-B2D1-A2A2E9D08F9B}.Debug|ARM.ActiveCfg = Debug|iPhoneSimulator
		{5D3286D2-9185-4742-B2D1-A2A2E9D08F9B}.Debug|ARM.Build.0 = Debug|iPhoneSimulator
		{5D3286D2-9185-4742-B2D1-A2A2E9D08F9B}.Debug|ARM.Deploy.0 = Debug|iPhoneSimulator
		{5D3286D2-9185-4742-B2D1-A2A2E9D08F9B}.Debug|iPhone.ActiveCfg = Debug|iPhone
		{5D3286D2-9185-4742-B2D1-A2A2E9D08F9B}.Debug|iPhone.Build.0 = Debug|iPhone
		{5D3286D2-9185-4742-B2D1-A2A2E9D08F9B}.Debug|iPhone.Deploy.0 = Debug|iPhone
		{5D3286D2-9185-4742-B2D1-A2A2E9D08F9B}.Debug|iPhoneSimulator.ActiveCfg = Debug|iPhoneSimulator
		{5D3286D2-9185-4742-B2D1-A2A2E9D08F9B}.Debug|iPhoneSimulator.Build.0 = Debug|iPhoneSimulator
		{5D3286D2-9185-4742-B2D1-A2A2E9D08F9B}.Debug|iPhoneSimulator.Deploy.0 = Debug|iPhoneSimulator
		{5D3286D2-9185-4742-B2D1-A2A2E9D08F9B}.Debug|x64.ActiveCfg = Debug|iPhone
		{5D3286D2-9185-4742-B2D1-A2A2E9D08F9B}.Debug|x64.Build.0 = Debug|iPhone
		{5D3286D2-9185-4742-B2D1-A2A2E9D08F9B}.Debug|x64.Deploy.0 = Debug|iPhone
		{5D3286D2-9185-4742-B2D1-A2A2E9D08F9B}.Debug|x86.ActiveCfg = Debug|iPhone
		{5D3286D2-9185-4742-B2D1-A2A2E9D08F9B}.Debug|x86.Build.0 = Debug|iPhone
		{5D3286D2-9185-4742-B2D1-A2A2E9D08F9B}.Debug|x86.Deploy.0 = Debug|iPhone
		{5D3286D2-9185-4742-B2D1-A2A2E9D08F9B}.Release|Any CPU.ActiveCfg = Release|iPhone
		{5D3286D2-9185-4742-B2D1-A2A2E9D08F9B}.Release|Any CPU.Build.0 = Release|iPhone
		{5D3286D2-9185-4742-B2D1-A2A2E9D08F9B}.Release|Any CPU.Deploy.0 = Release|iPhone
		{5D3286D2-9185-4742-B2D1-A2A2E9D08F9B}.Release|ARM.ActiveCfg = Release|iPhone
		{5D3286D2-9185-4742-B2D1-A2A2E9D08F9B}.Release|ARM.Build.0 = Release|iPhone
		{5D3286D2-9185-4742-B2D1-A2A2E9D08F9B}.Release|ARM.Deploy.0 = Release|iPhone
		{5D3286D2-9185-4742-B2D1-A2A2E9D08F9B}.Release|iPhone.ActiveCfg = Release|iPhone
		{5D3286D2-9185-4742-B2D1-A2A2E9D08F9B}.Release|iPhone.Build.0 = Release|iPhone
		{5D3286D2-9185-4742-B2D1-A2A2E9D08F9B}.Release|iPhone.Deploy.0 = Release|iPhone
		{5D3286D2-9185-4742-B2D1-A2A2E9D08F9B}.Release|iPhoneSimulator.ActiveCfg = Release|iPhoneSimulator
		{5D3286D2-9185-4742-B2D1-A2A2E9D08F9B}.Release|iPhoneSimulator.Build.0 = Release|iPhoneSimulator
		{5D3286D2-9185-4742-B2D1-A2A2E9D08F9B}.Release|iPhoneSimulator.Deploy.0 = Release|iPhoneSimulator
		{5D3286D2-9185-4742-B2D1-A2A2E9D08F9B}.Release|x64.ActiveCfg = Release|iPhone
		{5D3286D2-9185-4742-B2D1-A2A2E9D08F9B}.Release|x64.Build.0 = Release|iPhone
		{5D3286D2-9185-4742-B2D1-A2A2E9D08F9B}.Release|x64.Deploy.0 = Release|iPhone
		{5D3286D2-9185-4742-B2D1-A2A2E9D08F9B}.Release|x86.ActiveCfg = Release|iPhone
		{5D3286D2-9185-4742-B2D1-A2A2E9D08F9B}.Release|x86.Build.0 = Release|iPhone
		{5D3286D2-9185-4742-B2D1-A2A2E9D08F9B}.Release|x86.Deploy.0 = Release|iPhone
		{F0EFE401-A156-4877-A682-12A0538AA5B6}.Debug|Any CPU.ActiveCfg = Debug|Any CPU
		{F0EFE401-A156-4877-A682-12A0538AA5B6}.Debug|Any CPU.Build.0 = Debug|Any CPU
		{F0EFE401-A156-4877-A682-12A0538AA5B6}.Debug|Any CPU.Deploy.0 = Debug|Any CPU
		{F0EFE401-A156-4877-A682-12A0538AA5B6}.Debug|ARM.ActiveCfg = Debug|Any CPU
		{F0EFE401-A156-4877-A682-12A0538AA5B6}.Debug|ARM.Build.0 = Debug|Any CPU
		{F0EFE401-A156-4877-A682-12A0538AA5B6}.Debug|ARM.Deploy.0 = Debug|Any CPU
		{F0EFE401-A156-4877-A682-12A0538AA5B6}.Debug|iPhone.ActiveCfg = Debug|Any CPU
		{F0EFE401-A156-4877-A682-12A0538AA5B6}.Debug|iPhone.Build.0 = Debug|Any CPU
		{F0EFE401-A156-4877-A682-12A0538AA5B6}.Debug|iPhone.Deploy.0 = Debug|Any CPU
		{F0EFE401-A156-4877-A682-12A0538AA5B6}.Debug|iPhoneSimulator.ActiveCfg = Debug|Any CPU
		{F0EFE401-A156-4877-A682-12A0538AA5B6}.Debug|iPhoneSimulator.Build.0 = Debug|Any CPU
		{F0EFE401-A156-4877-A682-12A0538AA5B6}.Debug|iPhoneSimulator.Deploy.0 = Debug|Any CPU
		{F0EFE401-A156-4877-A682-12A0538AA5B6}.Debug|x64.ActiveCfg = Debug|Any CPU
		{F0EFE401-A156-4877-A682-12A0538AA5B6}.Debug|x64.Build.0 = Debug|Any CPU
		{F0EFE401-A156-4877-A682-12A0538AA5B6}.Debug|x64.Deploy.0 = Debug|Any CPU
		{F0EFE401-A156-4877-A682-12A0538AA5B6}.Debug|x86.ActiveCfg = Debug|Any CPU
		{F0EFE401-A156-4877-A682-12A0538AA5B6}.Debug|x86.Build.0 = Debug|Any CPU
		{F0EFE401-A156-4877-A682-12A0538AA5B6}.Debug|x86.Deploy.0 = Debug|Any CPU
		{F0EFE401-A156-4877-A682-12A0538AA5B6}.Release|Any CPU.ActiveCfg = Release|Any CPU
		{F0EFE401-A156-4877-A682-12A0538AA5B6}.Release|Any CPU.Build.0 = Release|Any CPU
		{F0EFE401-A156-4877-A682-12A0538AA5B6}.Release|Any CPU.Deploy.0 = Release|Any CPU
		{F0EFE401-A156-4877-A682-12A0538AA5B6}.Release|ARM.ActiveCfg = Release|Any CPU
		{F0EFE401-A156-4877-A682-12A0538AA5B6}.Release|ARM.Build.0 = Release|Any CPU
		{F0EFE401-A156-4877-A682-12A0538AA5B6}.Release|ARM.Deploy.0 = Release|Any CPU
		{F0EFE401-A156-4877-A682-12A0538AA5B6}.Release|iPhone.ActiveCfg = Release|Any CPU
		{F0EFE401-A156-4877-A682-12A0538AA5B6}.Release|iPhone.Build.0 = Release|Any CPU
		{F0EFE401-A156-4877-A682-12A0538AA5B6}.Release|iPhone.Deploy.0 = Release|Any CPU
		{F0EFE401-A156-4877-A682-12A0538AA5B6}.Release|iPhoneSimulator.ActiveCfg = Release|Any CPU
		{F0EFE401-A156-4877-A682-12A0538AA5B6}.Release|iPhoneSimulator.Build.0 = Release|Any CPU
		{F0EFE401-A156-4877-A682-12A0538AA5B6}.Release|iPhoneSimulator.Deploy.0 = Release|Any CPU
		{F0EFE401-A156-4877-A682-12A0538AA5B6}.Release|x64.ActiveCfg = Release|Any CPU
		{F0EFE401-A156-4877-A682-12A0538AA5B6}.Release|x64.Build.0 = Release|Any CPU
		{F0EFE401-A156-4877-A682-12A0538AA5B6}.Release|x64.Deploy.0 = Release|Any CPU
		{F0EFE401-A156-4877-A682-12A0538AA5B6}.Release|x86.ActiveCfg = Release|Any CPU
		{F0EFE401-A156-4877-A682-12A0538AA5B6}.Release|x86.Build.0 = Release|Any CPU
		{F0EFE401-A156-4877-A682-12A0538AA5B6}.Release|x86.Deploy.0 = Release|Any CPU
	EndGlobalSection
	GlobalSection(SolutionProperties) = preSolution
		HideSolutionNode = FALSE
	EndGlobalSection
	GlobalSection(ExtensibilityGlobals) = postSolution
		SolutionGuid = {F59A374B-B50B-4893-BF44-D1C76C4DD034}
	EndGlobalSection
EndGlobal
